
Microsoft Visual Studio Solution File, Format Version 12.00
# Visual Studio 14
VisualStudioVersion = 14.0.25420.1
MinimumVisualStudioVersion = 10.0.40219.1
Project("{FAE04EC0-301F-11D3-BF4B-00C04F79EFBC}") = "DronePositioningSimulator_v2", "DronePositioningSimulator_v2\DronePositioningSimulator_v2.csproj", "{6E194589-3F28-452C-B0BA-D33744869AAA}"
EndProject
Project("{FAE04EC0-301F-11D3-BF4B-00C04F79EFBC}") = "JedinicnoTestiranje", "JedinicnoTestiranje\JedinicnoTestiranje.csproj", "{A5D375C4-4B7D-4EB6-A44E-4A6197109536}"
EndProject
Global
	GlobalSection(SolutionConfigurationPlatforms) = preSolution
		Debug|Any CPU = Debug|Any CPU
		Release|Any CPU = Release|Any CPU
	EndGlobalSection
	GlobalSection(ProjectConfigurationPlatforms) = postSolution
		{6E194589-3F28-452C-B0BA-D33744869AAA}.Debug|Any CPU.ActiveCfg = Debug|Any CPU
		{6E194589-3F28-452C-B0BA-D33744869AAA}.Debug|Any CPU.Build.0 = Debug|Any CPU
		{6E194589-3F28-452C-B0BA-D33744869AAA}.Release|Any CPU.ActiveCfg = Release|Any CPU
		{6E194589-3F28-452C-B0BA-D33744869AAA}.Release|Any CPU.Build.0 = Release|Any CPU
		{A5D375C4-4B7D-4EB6-A44E-4A6197109536}.Debug|Any CPU.ActiveCfg = Debug|Any CPU
		{A5D375C4-4B7D-4EB6-A44E-4A6197109536}.Debug|Any CPU.Build.0 = Debug|Any CPU
		{A5D375C4-4B7D-4EB6-A44E-4A6197109536}.Release|Any CPU.ActiveCfg = Release|Any CPU
		{A5D375C4-4B7D-4EB6-A44E-4A6197109536}.Release|Any CPU.Build.0 = Release|Any CPU
	EndGlobalSection
	GlobalSection(SolutionProperties) = preSolution
		HideSolutionNode = FALSE
	EndGlobalSection
EndGlobal
